// !$*UTF8*$!
{
	archiveVersion = 1;
	classes = {
	};
	objectVersion = 50;
	objects = {

/* Begin PBXBuildFile section */
		807E7EA119920A5D139D9DA6 /* Pods_EjabberdChat.framework in Frameworks */ = {isa = PBXBuildFile; fileRef = B34AAECF4B0D322AD393DB60 /* Pods_EjabberdChat.framework */; };
		D21C52B9214E17F4004839AF /* ChatCell.swift in Sources */ = {isa = PBXBuildFile; fileRef = D21C52B7214E17F4004839AF /* ChatCell.swift */; };
		D21C52BA214E17F4004839AF /* ChatCell.xib in Resources */ = {isa = PBXBuildFile; fileRef = D21C52B8214E17F4004839AF /* ChatCell.xib */; };
		D23A0F7C21578F00001F81B2 /* Attribute.swift in Sources */ = {isa = PBXBuildFile; fileRef = D23A0F7B21578F00001F81B2 /* Attribute.swift */; };
		D23A0F7E2157A5BE001F81B2 /* KeyboardInputView.swift in Sources */ = {isa = PBXBuildFile; fileRef = D23A0F7D2157A5BE001F81B2 /* KeyboardInputView.swift */; };
		D23A0F802157AF77001F81B2 /* ChatTitleView.swift in Sources */ = {isa = PBXBuildFile; fileRef = D23A0F7F2157AF77001F81B2 /* ChatTitleView.swift */; };
		D23A0F822157AF87001F81B2 /* ChatTitleView.xib in Resources */ = {isa = PBXBuildFile; fileRef = D23A0F812157AF87001F81B2 /* ChatTitleView.xib */; };
		D23A0F842157B2AE001F81B2 /* CellRegistering.swift in Sources */ = {isa = PBXBuildFile; fileRef = D23A0F832157B2AD001F81B2 /* CellRegistering.swift */; };
		D24E87F8215405F60073C018 /* FriendsViewController.swift in Sources */ = {isa = PBXBuildFile; fileRef = D24E87F7215405F60073C018 /* FriendsViewController.swift */; };
		D25E9282214CEF1D003BD3E6 /* AppDelegate.swift in Sources */ = {isa = PBXBuildFile; fileRef = D25E9281214CEF1D003BD3E6 /* AppDelegate.swift */; };
		D25E9284214CEF1D003BD3E6 /* ViewController.swift in Sources */ = {isa = PBXBuildFile; fileRef = D25E9283214CEF1D003BD3E6 /* ViewController.swift */; };
		D25E9287214CEF1D003BD3E6 /* Main.storyboard in Resources */ = {isa = PBXBuildFile; fileRef = D25E9285214CEF1D003BD3E6 /* Main.storyboard */; };
		D25E9289214CEF1E003BD3E6 /* Assets.xcassets in Resources */ = {isa = PBXBuildFile; fileRef = D25E9288214CEF1E003BD3E6 /* Assets.xcassets */; };
		D25E928C214CEF1E003BD3E6 /* LaunchScreen.storyboard in Resources */ = {isa = PBXBuildFile; fileRef = D25E928A214CEF1E003BD3E6 /* LaunchScreen.storyboard */; };
		D25E9294214D029E003BD3E6 /* LoginRegisterViewController.swift in Sources */ = {isa = PBXBuildFile; fileRef = D25E9293214D029E003BD3E6 /* LoginRegisterViewController.swift */; };
		D25E9296214D0749003BD3E6 /* StreamManager.swift in Sources */ = {isa = PBXBuildFile; fileRef = D25E9295214D0749003BD3E6 /* StreamManager.swift */; };
/* End PBXBuildFile section */

/* Begin PBXFileReference section */
		718A0E3534E6714A829D07B3 /* Pods-EjabberdChat.debug.xcconfig */ = {isa = PBXFileReference; includeInIndex = 1; lastKnownFileType = text.xcconfig; name = "Pods-EjabberdChat.debug.xcconfig"; path = "Pods/Target Support Files/Pods-EjabberdChat/Pods-EjabberdChat.debug.xcconfig"; sourceTree = "<group>"; };
		A9A0D8C6D923CFF8565EDA48 /* Pods-EjabberdChat.release.xcconfig */ = {isa = PBXFileReference; includeInIndex = 1; lastKnownFileType = text.xcconfig; name = "Pods-EjabberdChat.release.xcconfig"; path = "Pods/Target Support Files/Pods-EjabberdChat/Pods-EjabberdChat.release.xcconfig"; sourceTree = "<group>"; };
		B34AAECF4B0D322AD393DB60 /* Pods_EjabberdChat.framework */ = {isa = PBXFileReference; explicitFileType = wrapper.framework; includeInIndex = 0; path = Pods_EjabberdChat.framework; sourceTree = BUILT_PRODUCTS_DIR; };
		D21C52B7214E17F4004839AF /* ChatCell.swift */ = {isa = PBXFileReference; lastKnownFileType = sourcecode.swift; path = ChatCell.swift; sourceTree = "<group>"; };
		D21C52B8214E17F4004839AF /* ChatCell.xib */ = {isa = PBXFileReference; lastKnownFileType = file.xib; path = ChatCell.xib; sourceTree = "<group>"; };
		D23A0F7B21578F00001F81B2 /* Attribute.swift */ = {isa = PBXFileReference; lastKnownFileType = sourcecode.swift; path = Attribute.swift; sourceTree = "<group>"; };
		D23A0F7D2157A5BE001F81B2 /* KeyboardInputView.swift */ = {isa = PBXFileReference; lastKnownFileType = sourcecode.swift; path = KeyboardInputView.swift; sourceTree = "<group>"; };
		D23A0F7F2157AF77001F81B2 /* ChatTitleView.swift */ = {isa = PBXFileReference; lastKnownFileType = sourcecode.swift; path = ChatTitleView.swift; sourceTree = "<group>"; };
		D23A0F812157AF87001F81B2 /* ChatTitleView.xib */ = {isa = PBXFileReference; lastKnownFileType = file.xib; path = ChatTitleView.xib; sourceTree = "<group>"; };
		D23A0F832157B2AD001F81B2 /* CellRegistering.swift */ = {isa = PBXFileReference; lastKnownFileType = sourcecode.swift; path = CellRegistering.swift; sourceTree = "<group>"; };
		D24E87F7215405F60073C018 /* FriendsViewController.swift */ = {isa = PBXFileReference; lastKnownFileType = sourcecode.swift; path = FriendsViewController.swift; sourceTree = "<group>"; };
		D25E927E214CEF1D003BD3E6 /* EjabberdChat.app */ = {isa = PBXFileReference; explicitFileType = wrapper.application; includeInIndex = 0; path = EjabberdChat.app; sourceTree = BUILT_PRODUCTS_DIR; };
		D25E9281214CEF1D003BD3E6 /* AppDelegate.swift */ = {isa = PBXFileReference; lastKnownFileType = sourcecode.swift; path = AppDelegate.swift; sourceTree = "<group>"; };
		D25E9283214CEF1D003BD3E6 /* ViewController.swift */ = {isa = PBXFileReference; lastKnownFileType = sourcecode.swift; path = ViewController.swift; sourceTree = "<group>"; };
		D25E9286214CEF1D003BD3E6 /* Base */ = {isa = PBXFileReference; lastKnownFileType = file.storyboard; name = Base; path = Base.lproj/Main.storyboard; sourceTree = "<group>"; };
		D25E9288214CEF1E003BD3E6 /* Assets.xcassets */ = {isa = PBXFileReference; lastKnownFileType = folder.assetcatalog; path = Assets.xcassets; sourceTree = "<group>"; };
		D25E928B214CEF1E003BD3E6 /* Base */ = {isa = PBXFileReference; lastKnownFileType = file.storyboard; name = Base; path = Base.lproj/LaunchScreen.storyboard; sourceTree = "<group>"; };
		D25E928D214CEF1E003BD3E6 /* Info.plist */ = {isa = PBXFileReference; lastKnownFileType = text.plist.xml; path = Info.plist; sourceTree = "<group>"; };
		D25E9293214D029E003BD3E6 /* LoginRegisterViewController.swift */ = {isa = PBXFileReference; lastKnownFileType = sourcecode.swift; path = LoginRegisterViewController.swift; sourceTree = "<group>"; };
		D25E9295214D0749003BD3E6 /* StreamManager.swift */ = {isa = PBXFileReference; lastKnownFileType = sourcecode.swift; path = StreamManager.swift; sourceTree = "<group>"; };
/* End PBXFileReference section */

/* Begin PBXFrameworksBuildPhase section */
		D25E927B214CEF1D003BD3E6 /* Frameworks */ = {
			isa = PBXFrameworksBuildPhase;
			buildActionMask = 2147483647;
			files = (
				807E7EA119920A5D139D9DA6 /* Pods_EjabberdChat.framework in Frameworks */,
			);
			runOnlyForDeploymentPostprocessing = 0;
		};
/* End PBXFrameworksBuildPhase section */

/* Begin PBXGroup section */
		0CFF4E2E5BB2E27C3ABD9E94 /* Pods */ = {
			isa = PBXGroup;
			children = (
				718A0E3534E6714A829D07B3 /* Pods-EjabberdChat.debug.xcconfig */,
				A9A0D8C6D923CFF8565EDA48 /* Pods-EjabberdChat.release.xcconfig */,
			);
			name = Pods;
			sourceTree = "<group>";
		};
		2F19D1FD1724B795BBCEAE10 /* Frameworks */ = {
			isa = PBXGroup;
			children = (
				B34AAECF4B0D322AD393DB60 /* Pods_EjabberdChat.framework */,
			);
			name = Frameworks;
			sourceTree = "<group>";
		};
		D25E9275214CEF1D003BD3E6 = {
			isa = PBXGroup;
			children = (
				D25E9280214CEF1D003BD3E6 /* EjabberdChat */,
				D25E927F214CEF1D003BD3E6 /* Products */,
				0CFF4E2E5BB2E27C3ABD9E94 /* Pods */,
				2F19D1FD1724B795BBCEAE10 /* Frameworks */,
			);
			sourceTree = "<group>";
		};
		D25E927F214CEF1D003BD3E6 /* Products */ = {
			isa = PBXGroup;
			children = (
				D25E927E214CEF1D003BD3E6 /* EjabberdChat.app */,
			);
			name = Products;
			sourceTree = "<group>";
		};
		D25E9280214CEF1D003BD3E6 /* EjabberdChat */ = {
			isa = PBXGroup;
			children = (
				D25E9281214CEF1D003BD3E6 /* AppDelegate.swift */,
				D25E9283214CEF1D003BD3E6 /* ViewController.swift */,
				D23A0F7B21578F00001F81B2 /* Attribute.swift */,
				D25E9295214D0749003BD3E6 /* StreamManager.swift */,
				D24E87F7215405F60073C018 /* FriendsViewController.swift */,
				D21C52B7214E17F4004839AF /* ChatCell.swift */,
				D23A0F7D2157A5BE001F81B2 /* KeyboardInputView.swift */,
				D23A0F832157B2AD001F81B2 /* CellRegistering.swift */,
				D23A0F7F2157AF77001F81B2 /* ChatTitleView.swift */,
				D23A0F812157AF87001F81B2 /* ChatTitleView.xib */,
				D21C52B8214E17F4004839AF /* ChatCell.xib */,
				D25E9293214D029E003BD3E6 /* LoginRegisterViewController.swift */,
				D25E9285214CEF1D003BD3E6 /* Main.storyboard */,
				D25E9288214CEF1E003BD3E6 /* Assets.xcassets */,
				D25E928A214CEF1E003BD3E6 /* LaunchScreen.storyboard */,
				D25E928D214CEF1E003BD3E6 /* Info.plist */,
			);
			path = EjabberdChat;
			sourceTree = "<group>";
		};
/* End PBXGroup section */

/* Begin PBXNativeTarget section */
		D25E927D214CEF1D003BD3E6 /* EjabberdChat */ = {
			isa = PBXNativeTarget;
			buildConfigurationList = D25E9290214CEF1E003BD3E6 /* Build configuration list for PBXNativeTarget "EjabberdChat" */;
			buildPhases = (
				A7F0CD13203483486E553285 /* [CP] Check Pods Manifest.lock */,
				D25E927A214CEF1D003BD3E6 /* Sources */,
				D25E927B214CEF1D003BD3E6 /* Frameworks */,
				D25E927C214CEF1D003BD3E6 /* Resources */,
				6611455945D108A3BD031291 /* [CP] Embed Pods Frameworks */,
			);
			buildRules = (
			);
			dependencies = (
			);
			name = EjabberdChat;
			productName = EjabberdChat;
			productReference = D25E927E214CEF1D003BD3E6 /* EjabberdChat.app */;
			productType = "com.apple.product-type.application";
		};
/* End PBXNativeTarget section */

/* Begin PBXProject section */
		D25E9276214CEF1D003BD3E6 /* Project object */ = {
			isa = PBXProject;
			attributes = {
				LastSwiftUpdateCheck = 1000;
				LastUpgradeCheck = 1000;
				ORGANIZATIONNAME = "Neil Jain";
				TargetAttributes = {
					D25E927D214CEF1D003BD3E6 = {
						CreatedOnToolsVersion = 10.0;
					};
				};
			};
			buildConfigurationList = D25E9279214CEF1D003BD3E6 /* Build configuration list for PBXProject "EjabberdChat" */;
			compatibilityVersion = "Xcode 9.3";
			developmentRegion = en;
			hasScannedForEncodings = 0;
			knownRegions = (
				en,
				Base,
			);
			mainGroup = D25E9275214CEF1D003BD3E6;
			productRefGroup = D25E927F214CEF1D003BD3E6 /* Products */;
			projectDirPath = "";
			projectRoot = "";
			targets = (
				D25E927D214CEF1D003BD3E6 /* EjabberdChat */,
			);
		};
/* End PBXProject section */

/* Begin PBXResourcesBuildPhase section */
		D25E927C214CEF1D003BD3E6 /* Resources */ = {
			isa = PBXResourcesBuildPhase;
			buildActionMask = 2147483647;
			files = (
				D25E928C214CEF1E003BD3E6 /* LaunchScreen.storyboard in Resources */,
				D21C52BA214E17F4004839AF /* ChatCell.xib in Resources */,
				D25E9289214CEF1E003BD3E6 /* Assets.xcassets in Resources */,
				D23A0F822157AF87001F81B2 /* ChatTitleView.xib in Resources */,
				D25E9287214CEF1D003BD3E6 /* Main.storyboard in Resources */,
			);
			runOnlyForDeploymentPostprocessing = 0;
		};
/* End PBXResourcesBuildPhase section */

/* Begin PBXShellScriptBuildPhase section */
		6611455945D108A3BD031291 /* [CP] Embed Pods Frameworks */ = {
			isa = PBXShellScriptBuildPhase;
			buildActionMask = 2147483647;
			files = (
			);
			inputPaths = (
				"${SRCROOT}/Pods/Target Support Files/Pods-EjabberdChat/Pods-EjabberdChat-frameworks.sh",
				"${BUILT_PRODUCTS_DIR}/CocoaAsyncSocket/CocoaAsyncSocket.framework",
				"${BUILT_PRODUCTS_DIR}/CocoaLumberjack/CocoaLumberjack.framework",
				"${BUILT_PRODUCTS_DIR}/KissXML/KissXML.framework",
				"${BUILT_PRODUCTS_DIR}/XMPPFramework/XMPPFramework.framework",
				"${BUILT_PRODUCTS_DIR}/libidn/libidn.framework",
			);
			name = "[CP] Embed Pods Frameworks";
			outputPaths = (
				"${TARGET_BUILD_DIR}/${FRAMEWORKS_FOLDER_PATH}/CocoaAsyncSocket.framework",
				"${TARGET_BUILD_DIR}/${FRAMEWORKS_FOLDER_PATH}/CocoaLumberjack.framework",
				"${TARGET_BUILD_DIR}/${FRAMEWORKS_FOLDER_PATH}/KissXML.framework",
				"${TARGET_BUILD_DIR}/${FRAMEWORKS_FOLDER_PATH}/XMPPFramework.framework",
				"${TARGET_BUILD_DIR}/${FRAMEWORKS_FOLDER_PATH}/libidn.framework",
			);
			runOnlyForDeploymentPostprocessing = 0;
			shellPath = /bin/sh;
			shellScript = "\"${SRCROOT}/Pods/Target Support Files/Pods-EjabberdChat/Pods-EjabberdChat-frameworks.sh\"\n";
			showEnvVarsInLog = 0;
		};
		A7F0CD13203483486E553285 /* [CP] Check Pods Manifest.lock */ = {
			isa = PBXShellScriptBuildPhase;
			buildActionMask = 2147483647;
			files = (
			);
			inputPaths = (
				"${PODS_PODFILE_DIR_PATH}/Podfile.lock",
				"${PODS_ROOT}/Manifest.lock",
			);
			name = "[CP] Check Pods Manifest.lock";
			outputPaths = (
				"$(DERIVED_FILE_DIR)/Pods-EjabberdChat-checkManifestLockResult.txt",
			);
			runOnlyForDeploymentPostprocessing = 0;
			shellPath = /bin/sh;
			shellScript = "diff \"${PODS_PODFILE_DIR_PATH}/Podfile.lock\" \"${PODS_ROOT}/Manifest.lock\" > /dev/null\nif [ $? != 0 ] ; then\n    # print error to STDERR\n    echo \"error: The sandbox is not in sync with the Podfile.lock. Run 'pod install' or update your CocoaPods installation.\" >&2\n    exit 1\nfi\n# This output is used by Xcode 'outputs' to avoid re-running this script phase.\necho \"SUCCESS\" > \"${SCRIPT_OUTPUT_FILE_0}\"\n";
			showEnvVarsInLog = 0;
		};
/* End PBXShellScriptBuildPhase section */

/* Begin PBXSourcesBuildPhase section */
		D25E927A214CEF1D003BD3E6 /* Sources */ = {
			isa = PBXSourcesBuildPhase;
			buildActionMask = 2147483647;
			files = (
				D25E9294214D029E003BD3E6 /* LoginRegisterViewController.swift in Sources */,
				D23A0F842157B2AE001F81B2 /* CellRegistering.swift in Sources */,
				D25E9296214D0749003BD3E6 /* StreamManager.swift in Sources */,
				D25E9284214CEF1D003BD3E6 /* ViewController.swift in Sources */,
				D21C52B9214E17F4004839AF /* ChatCell.swift in Sources */,
				D23A0F7C21578F00001F81B2 /* Attribute.swift in Sources */,
				D24E87F8215405F60073C018 /* FriendsViewController.swift in Sources */,
				D23A0F802157AF77001F81B2 /* ChatTitleView.swift in Sources */,
				D23A0F7E2157A5BE001F81B2 /* KeyboardInputView.swift in Sources */,
				D25E9282214CEF1D003BD3E6 /* AppDelegate.swift in Sources */,
			);
			runOnlyForDeploymentPostprocessing = 0;
		};
/* End PBXSourcesBuildPhase section */

/* Begin PBXVariantGroup section */
		D25E9285214CEF1D003BD3E6 /* Main.storyboard */ = {
			isa = PBXVariantGroup;
			children = (
				D25E9286214CEF1D003BD3E6 /* Base */,
			);
			name = Main.storyboard;
			sourceTree = "<group>";
		};
		D25E928A214CEF1E003BD3E6 /* LaunchScreen.storyboard */ = {
			isa = PBXVariantGroup;
			children = (
				D25E928B214CEF1E003BD3E6 /* Base */,
			);
			name = LaunchScreen.storyboard;
			sourceTree = "<group>";
		};
/* End PBXVariantGroup section */

/* Begin XCBuildConfiguration section */
		D25E928E214CEF1E003BD3E6 /* Debug */ = {
			isa = XCBuildConfiguration;
			buildSettings = {
				ALWAYS_SEARCH_USER_PATHS = NO;
				CLANG_ANALYZER_NONNULL = YES;
				CLANG_ANALYZER_NUMBER_OBJECT_CONVERSION = YES_AGGRESSIVE;
				CLANG_CXX_LANGUAGE_STANDARD = "gnu++14";
				CLANG_CXX_LIBRARY = "libc++";
				CLANG_ENABLE_MODULES = YES;
				CLANG_ENABLE_OBJC_ARC = YES;
				CLANG_ENABLE_OBJC_WEAK = YES;
				CLANG_WARN_BLOCK_CAPTURE_AUTORELEASING = YES;
				CLANG_WARN_BOOL_CONVERSION = YES;
				CLANG_WARN_COMMA = YES;
				CLANG_WARN_CONSTANT_CONVERSION = YES;
				CLANG_WARN_DEPRECATED_OBJC_IMPLEMENTATIONS = YES;
				CLANG_WARN_DIRECT_OBJC_ISA_USAGE = YES_ERROR;
				CLANG_WARN_DOCUMENTATION_COMMENTS = YES;
				CLANG_WARN_EMPTY_BODY = YES;
				CLANG_WARN_ENUM_CONVERSION = YES;
				CLANG_WARN_INFINITE_RECURSION = YES;
				CLANG_WARN_INT_CONVERSION = YES;
				CLANG_WARN_NON_LITERAL_NULL_CONVERSION = YES;
				CLANG_WARN_OBJC_IMPLICIT_RETAIN_SELF = YES;
				CLANG_WARN_OBJC_LITERAL_CONVERSION = YES;
				CLANG_WARN_OBJC_ROOT_CLASS = YES_ERROR;
				CLANG_WARN_RANGE_LOOP_ANALYSIS = YES;
				CLANG_WARN_STRICT_PROTOTYPES = YES;
				CLANG_WARN_SUSPICIOUS_MOVE = YES;
				CLANG_WARN_UNGUARDED_AVAILABILITY = YES_AGGRESSIVE;
				CLANG_WARN_UNREACHABLE_CODE = YES;
				CLANG_WARN__DUPLICATE_METHOD_MATCH = YES;
				CODE_SIGN_IDENTITY = "iPhone Developer";
				COPY_PHASE_STRIP = NO;
				DEBUG_INFORMATION_FORMAT = dwarf;
				ENABLE_STRICT_OBJC_MSGSEND = YES;
				ENABLE_TESTABILITY = YES;
				GCC_C_LANGUAGE_STANDARD = gnu11;
				GCC_DYNAMIC_NO_PIC = NO;
				GCC_NO_COMMON_BLOCKS = YES;
				GCC_OPTIMIZATION_LEVEL = 0;
				GCC_PREPROCESSOR_DEFINITIONS = (
					"DEBUG=1",
					"$(inherited)",
				);
				GCC_WARN_64_TO_32_BIT_CONVERSION = YES;
				GCC_WARN_ABOUT_RETURN_TYPE = YES_ERROR;
				GCC_WARN_UNDECLARED_SELECTOR = YES;
				GCC_WARN_UNINITIALIZED_AUTOS = YES_AGGRESSIVE;
				GCC_WARN_UNUSED_FUNCTION = YES;
				GCC_WARN_UNUSED_VARIABLE = YES;
				IPHONEOS_DEPLOYMENT_TARGET = 12.0;
				MTL_ENABLE_DEBUG_INFO = INCLUDE_SOURCE;
				ONLY_ACTIVE_ARCH = YES;
				SDKROOT = iphoneos;
				SWIFT_ACTIVE_COMPILATION_CONDITIONS = DEBUG;
				SWIFT_OPTIMIZATION_LEVEL = "-Onone";
			};
			name = Debug;
		};
		D25E928F214CEF1E003BD3E6 /* Release */ = {
			isa = XCBuildConfiguration;
			buildSettings = {
				ALWAYS_SEARCH_USER_PATHS = NO;
				CLANG_ANALYZER_NONNULL = YES;
				CLANG_ANALYZER_NUMBER_OBJECT_CONVERSION = YES_AGGRESSIVE;
				CLANG_CXX_LANGUAGE_STANDARD = "gnu++14";
				CLANG_CXX_LIBRARY = "libc++";
				CLANG_ENABLE_MODULES = YES;
				CLANG_ENABLE_OBJC_ARC = YES;
				CLANG_ENABLE_OBJC_WEAK = YES;
				CLANG_WARN_BLOCK_CAPTURE_AUTORELEASING = YES;
				CLANG_WARN_BOOL_CONVERSION = YES;
				CLANG_WARN_COMMA = YES;
				CLANG_WARN_CONSTANT_CONVERSION = YES;
				CLANG_WARN_DEPRECATED_OBJC_IMPLEMENTATIONS = YES;
				CLANG_WARN_DIRECT_OBJC_ISA_USAGE = YES_ERROR;
				CLANG_WARN_DOCUMENTATION_COMMENTS = YES;
				CLANG_WARN_EMPTY_BODY = YES;
				CLANG_WARN_ENUM_CONVERSION = YES;
				CLANG_WARN_INFINITE_RECURSION = YES;
				CLANG_WARN_INT_CONVERSION = YES;
				CLANG_WARN_NON_LITERAL_NULL_CONVERSION = YES;
				CLANG_WARN_OBJC_IMPLICIT_RETAIN_SELF = YES;
				CLANG_WARN_OBJC_LITERAL_CONVERSION = YES;
				CLANG_WARN_OBJC_ROOT_CLASS = YES_ERROR;
				CLANG_WARN_RANGE_LOOP_ANALYSIS = YES;
				CLANG_WARN_STRICT_PROTOTYPES = YES;
				CLANG_WARN_SUSPICIOUS_MOVE = YES;
				CLANG_WARN_UNGUARDED_AVAILABILITY = YES_AGGRESSIVE;
				CLANG_WARN_UNREACHABLE_CODE = YES;
				CLANG_WARN__DUPLICATE_METHOD_MATCH = YES;
				CODE_SIGN_IDENTITY = "iPhone Developer";
				COPY_PHASE_STRIP = NO;
				DEBUG_INFORMATION_FORMAT = "dwarf-with-dsym";
				ENABLE_NS_ASSERTIONS = NO;
				ENABLE_STRICT_OBJC_MSGSEND = YES;
				GCC_C_LANGUAGE_STANDARD = gnu11;
				GCC_NO_COMMON_BLOCKS = YES;
				GCC_WARN_64_TO_32_BIT_CONVERSION = YES;
				GCC_WARN_ABOUT_RETURN_TYPE = YES_ERROR;
				GCC_WARN_UNDECLARED_SELECTOR = YES;
				GCC_WARN_UNINITIALIZED_AUTOS = YES_AGGRESSIVE;
				GCC_WARN_UNUSED_FUNCTION = YES;
				GCC_WARN_UNUSED_VARIABLE = YES;
				IPHONEOS_DEPLOYMENT_TARGET = 12.0;
				MTL_ENABLE_DEBUG_INFO = NO;
				SDKROOT = iphoneos;
				SWIFT_COMPILATION_MODE = wholemodule;
				SWIFT_OPTIMIZATION_LEVEL = "-O";
				VALIDATE_PRODUCT = YES;
			};
			name = Release;
		};
		D25E9291214CEF1E003BD3E6 /* Debug */ = {
			isa = XCBuildConfiguration;
			baseConfigurationReference = 718A0E3534E6714A829D07B3 /* Pods-EjabberdChat.debug.xcconfig */;
			buildSettings = {
				ASSETCATALOG_COMPILER_APPICON_NAME = AppIcon;
				CODE_SIGN_STYLE = Automatic;
				DEVELOPMENT_TEAM = MFK34378Q2;
				INFOPLIST_FILE = EjabberdChat/Info.plist;
				IPHONEOS_DEPLOYMENT_TARGET = 11.0;
				LD_RUNPATH_SEARCH_PATHS = (
					"$(inherited)",
					"@executable_path/Frameworks",
				);
				PRODUCT_BUNDLE_IDENTIFIER = com.neilsultimatelab.EjabberdChat;
				PRODUCT_NAME = "$(TARGET_NAME)";
				SWIFT_VERSION = 4.2;
				TARGETED_DEVICE_FAMILY = "1,2";
			};
			name = Debug;
		};
		D25E9292214CEF1E003BD3E6 /* Release */ = {
			isa = XCBuildConfiguration;
			baseConfigurationReference = A9A0D8C6D923CFF8565EDA48 /* Pods-EjabberdChat.release.xcconfig */;
			buildSettings = {
				ASSETCATALOG_COMPILER_APPICON_NAME = AppIcon;
				CODE_SIGN_STYLE = Automatic;
				DEVELOPMENT_TEAM = MFK34378Q2;
				INFOPLIST_FILE = EjabberdChat/Info.plist;
				IPHONEOS_DEPLOYMENT_TARGET = 11.0;
				LD_RUNPATH_SEARCH_PATHS = (
					"$(inherited)",
					"@executable_path/Frameworks",
				);
				PRODUCT_BUNDLE_IDENTIFIER = com.neilsultimatelab.EjabberdChat;
				PRODUCT_NAME = "$(TARGET_NAME)";
				SWIFT_VERSION = 4.2;
				TARGETED_DEVICE_FAMILY = "1,2";
			};
			name = Release;
		};
/* End XCBuildConfiguration section */

/* Begin XCConfigurationList section */
		D25E9279214CEF1D003BD3E6 /* Build configuration list for PBXProject "EjabberdChat" */ = {
			isa = XCConfigurationList;
			buildConfigurations = (
				D25E928E214CEF1E003BD3E6 /* Debug */,
				D25E928F214CEF1E003BD3E6 /* Release */,
			);
			defaultConfigurationIsVisible = 0;
			defaultConfigurationName = Release;
		};
		D25E9290214CEF1E003BD3E6 /* Build configuration list for PBXNativeTarget "EjabberdChat" */ = {
			isa = XCConfigurationList;
			buildConfigurations = (
				D25E9291214CEF1E003BD3E6 /* Debug */,
				D25E9292214CEF1E003BD3E6 /* Release */,
			);
			defaultConfigurationIsVisible = 0;
			defaultConfigurationName = Release;
		};
/* End XCConfigurationList section */
	};
	rootObject = D25E9276214CEF1D003BD3E6 /* Project object */;
}
